
Microsoft Visual Studio Solution File, Format Version 12.00
# Visual Studio Version 17
VisualStudioVersion = 17.13.35919.96 d17.13
MinimumVisualStudioVersion = 10.0.40219.1
Project("{FAE04EC0-301F-11D3-BF4B-00C04F79EFBC}") = "SchoolAppCore", "SchoolAppCore\SchoolAppCore.csproj", "{B578D10E-D7E7-4A04-A30C-5DE1D0176D98}"
EndProject
Global
	GlobalSection(SolutionConfigurationPlatforms) = preSolution
		Debug|Any CPU = Debug|Any CPU
		Release|Any CPU = Release|Any CPU
	EndGlobalSection
	GlobalSection(ProjectConfigurationPlatforms) = postSolution
		{B578D10E-D7E7-4A04-A30C-5DE1D0176D98}.Debug|Any CPU.ActiveCfg = Debug|Any CPU
		{B578D10E-D7E7-4A04-A30C-5DE1D0176D98}.Debug|Any CPU.Build.0 = Debug|Any CPU
		{B578D10E-D7E7-4A04-A30C-5DE1D0176D98}.Release|Any CPU.ActiveCfg = Release|Any CPU
		{B578D10E-D7E7-4A04-A30C-5DE1D0176D98}.Release|Any CPU.Build.0 = Release|Any CPU
	EndGlobalSection
	GlobalSection(SolutionProperties) = preSolution
		HideSolutionNode = FALSE
	EndGlobalSection
	GlobalSection(ExtensibilityGlobals) = postSolution
		SolutionGuid = {B031783D-523C-44C6-B0C5-5A2F854C69BD}
	EndGlobalSection
EndGlobal
